// !$*UTF8*$!
{
	archiveVersion = 1;
	classes = {
	};
	objectVersion = 56;
	objects = {

/* Begin PBXBuildFile section */
		655A82862A24841900AC6C52 /* TaskBootcamp.swift in Sources */ = {isa = PBXBuildFile; fileRef = 655A82852A24841900AC6C52 /* TaskBootcamp.swift */; };
		659F188B2AC965A400ABFE96 /* StructClassActorBootcamp.swift in Sources */ = {isa = PBXBuildFile; fileRef = 659F188A2AC965A400ABFE96 /* StructClassActorBootcamp.swift */; };
		65B2118E2AC30D6D00D49686 /* AsyncLetBootcamp.swift in Sources */ = {isa = PBXBuildFile; fileRef = 65B2118D2AC30D6D00D49686 /* AsyncLetBootcamp.swift */; };
		65B211902AC3198800D49686 /* TaskGroupBootcamp.swift in Sources */ = {isa = PBXBuildFile; fileRef = 65B2118F2AC3198800D49686 /* TaskGroupBootcamp.swift */; };
		65B211922AC338C800D49686 /* CheckedContinuationBootcamp.swift in Sources */ = {isa = PBXBuildFile; fileRef = 65B211912AC338C800D49686 /* CheckedContinuationBootcamp.swift */; };
		65BDE3A32ACB0D960011F60F /* ActorsBootcamp.swift in Sources */ = {isa = PBXBuildFile; fileRef = 65BDE3A22ACB0D960011F60F /* ActorsBootcamp.swift */; };
		65BDE3A52ACB1DF40011F60F /* GlobalActorBootcamp.swift in Sources */ = {isa = PBXBuildFile; fileRef = 65BDE3A42ACB1DF40011F60F /* GlobalActorBootcamp.swift */; };
		65BDE3A72ACB28300011F60F /* SendableBootcamp.swift in Sources */ = {isa = PBXBuildFile; fileRef = 65BDE3A62ACB28300011F60F /* SendableBootcamp.swift */; };
		65BDE3A92ACB30250011F60F /* AsyncPublisherBootcamp.swift in Sources */ = {isa = PBXBuildFile; fileRef = 65BDE3A82ACB30250011F60F /* AsyncPublisherBootcamp.swift */; };
		65BDE3AB2ACC00140011F60F /* StrongSelfBootcamp.swift in Sources */ = {isa = PBXBuildFile; fileRef = 65BDE3AA2ACC00140011F60F /* StrongSelfBootcamp.swift */; };
		65BDE3AD2ACC084B0011F60F /* MVVMBootcamp.swift in Sources */ = {isa = PBXBuildFile; fileRef = 65BDE3AC2ACC084B0011F60F /* MVVMBootcamp.swift */; };
		65BDE3AF2ACC12FE0011F60F /* RefreshableBootcamp.swift in Sources */ = {isa = PBXBuildFile; fileRef = 65BDE3AE2ACC12FE0011F60F /* RefreshableBootcamp.swift */; };
		65BDE3B12ACC180E0011F60F /* SearchableBootcamp.swift in Sources */ = {isa = PBXBuildFile; fileRef = 65BDE3B02ACC180E0011F60F /* SearchableBootcamp.swift */; };
		65BDE3B32ACC65400011F60F /* PhotoPickerBootcamp.swift in Sources */ = {isa = PBXBuildFile; fileRef = 65BDE3B22ACC65400011F60F /* PhotoPickerBootcamp.swift */; };
		65D4718F2A23495D00B88602 /* ConcurrencyBootcampApp.swift in Sources */ = {isa = PBXBuildFile; fileRef = 65D4718E2A23495D00B88602 /* ConcurrencyBootcampApp.swift */; };
		65D471912A23495D00B88602 /* ContentView.swift in Sources */ = {isa = PBXBuildFile; fileRef = 65D471902A23495D00B88602 /* ContentView.swift */; };
		65D471932A23495E00B88602 /* Assets.xcassets in Resources */ = {isa = PBXBuildFile; fileRef = 65D471922A23495E00B88602 /* Assets.xcassets */; };
		65D471962A23495E00B88602 /* Preview Assets.xcassets in Resources */ = {isa = PBXBuildFile; fileRef = 65D471952A23495E00B88602 /* Preview Assets.xcassets */; };
		65D4719D2A234A1B00B88602 /* DoCatchTryThrowsBootcamp.swift in Sources */ = {isa = PBXBuildFile; fileRef = 65D4719C2A234A1B00B88602 /* DoCatchTryThrowsBootcamp.swift */; };
		65D4719F2A23568A00B88602 /* DownloadImageAsync.swift in Sources */ = {isa = PBXBuildFile; fileRef = 65D4719E2A23568A00B88602 /* DownloadImageAsync.swift */; };
		65D471A12A23930F00B88602 /* AysncAwaitBootcamp.swift in Sources */ = {isa = PBXBuildFile; fileRef = 65D471A02A23930F00B88602 /* AysncAwaitBootcamp.swift */; };
/* End PBXBuildFile section */

/* Begin PBXFileReference section */
		655A82852A24841900AC6C52 /* TaskBootcamp.swift */ = {isa = PBXFileReference; lastKnownFileType = sourcecode.swift; path = TaskBootcamp.swift; sourceTree = "<group>"; };
		659F188A2AC965A400ABFE96 /* StructClassActorBootcamp.swift */ = {isa = PBXFileReference; lastKnownFileType = sourcecode.swift; path = StructClassActorBootcamp.swift; sourceTree = "<group>"; };
		65B2118D2AC30D6D00D49686 /* AsyncLetBootcamp.swift */ = {isa = PBXFileReference; lastKnownFileType = sourcecode.swift; path = AsyncLetBootcamp.swift; sourceTree = "<group>"; };
		65B2118F2AC3198800D49686 /* TaskGroupBootcamp.swift */ = {isa = PBXFileReference; lastKnownFileType = sourcecode.swift; path = TaskGroupBootcamp.swift; sourceTree = "<group>"; };
		65B211912AC338C800D49686 /* CheckedContinuationBootcamp.swift */ = {isa = PBXFileReference; lastKnownFileType = sourcecode.swift; path = CheckedContinuationBootcamp.swift; sourceTree = "<group>"; };
		65BDE3A22ACB0D960011F60F /* ActorsBootcamp.swift */ = {isa = PBXFileReference; lastKnownFileType = sourcecode.swift; path = ActorsBootcamp.swift; sourceTree = "<group>"; };
		65BDE3A42ACB1DF40011F60F /* GlobalActorBootcamp.swift */ = {isa = PBXFileReference; lastKnownFileType = sourcecode.swift; path = GlobalActorBootcamp.swift; sourceTree = "<group>"; };
		65BDE3A62ACB28300011F60F /* SendableBootcamp.swift */ = {isa = PBXFileReference; lastKnownFileType = sourcecode.swift; path = SendableBootcamp.swift; sourceTree = "<group>"; };
		65BDE3A82ACB30250011F60F /* AsyncPublisherBootcamp.swift */ = {isa = PBXFileReference; lastKnownFileType = sourcecode.swift; path = AsyncPublisherBootcamp.swift; sourceTree = "<group>"; };
		65BDE3AA2ACC00140011F60F /* StrongSelfBootcamp.swift */ = {isa = PBXFileReference; lastKnownFileType = sourcecode.swift; path = StrongSelfBootcamp.swift; sourceTree = "<group>"; };
		65BDE3AC2ACC084B0011F60F /* MVVMBootcamp.swift */ = {isa = PBXFileReference; lastKnownFileType = sourcecode.swift; path = MVVMBootcamp.swift; sourceTree = "<group>"; };
		65BDE3AE2ACC12FE0011F60F /* RefreshableBootcamp.swift */ = {isa = PBXFileReference; lastKnownFileType = sourcecode.swift; path = RefreshableBootcamp.swift; sourceTree = "<group>"; };
		65BDE3B02ACC180E0011F60F /* SearchableBootcamp.swift */ = {isa = PBXFileReference; lastKnownFileType = sourcecode.swift; path = SearchableBootcamp.swift; sourceTree = "<group>"; };
		65BDE3B22ACC65400011F60F /* PhotoPickerBootcamp.swift */ = {isa = PBXFileReference; lastKnownFileType = sourcecode.swift; path = PhotoPickerBootcamp.swift; sourceTree = "<group>"; };
		65D4718B2A23495D00B88602 /* ConcurrencyBootcamp.app */ = {isa = PBXFileReference; explicitFileType = wrapper.application; includeInIndex = 0; path = ConcurrencyBootcamp.app; sourceTree = BUILT_PRODUCTS_DIR; };
		65D4718E2A23495D00B88602 /* ConcurrencyBootcampApp.swift */ = {isa = PBXFileReference; lastKnownFileType = sourcecode.swift; path = ConcurrencyBootcampApp.swift; sourceTree = "<group>"; };
		65D471902A23495D00B88602 /* ContentView.swift */ = {isa = PBXFileReference; lastKnownFileType = sourcecode.swift; path = ContentView.swift; sourceTree = "<group>"; };
		65D471922A23495E00B88602 /* Assets.xcassets */ = {isa = PBXFileReference; lastKnownFileType = folder.assetcatalog; path = Assets.xcassets; sourceTree = "<group>"; };
		65D471952A23495E00B88602 /* Preview Assets.xcassets */ = {isa = PBXFileReference; lastKnownFileType = folder.assetcatalog; path = "Preview Assets.xcassets"; sourceTree = "<group>"; };
		65D4719C2A234A1B00B88602 /* DoCatchTryThrowsBootcamp.swift */ = {isa = PBXFileReference; lastKnownFileType = sourcecode.swift; path = DoCatchTryThrowsBootcamp.swift; sourceTree = "<group>"; };
		65D4719E2A23568A00B88602 /* DownloadImageAsync.swift */ = {isa = PBXFileReference; lastKnownFileType = sourcecode.swift; path = DownloadImageAsync.swift; sourceTree = "<group>"; };
		65D471A02A23930F00B88602 /* AysncAwaitBootcamp.swift */ = {isa = PBXFileReference; lastKnownFileType = sourcecode.swift; path = AysncAwaitBootcamp.swift; sourceTree = "<group>"; };
/* End PBXFileReference section */

/* Begin PBXFrameworksBuildPhase section */
		65D471882A23495D00B88602 /* Frameworks */ = {
			isa = PBXFrameworksBuildPhase;
			buildActionMask = 2147483647;
			files = (
			);
			runOnlyForDeploymentPostprocessing = 0;
		};
/* End PBXFrameworksBuildPhase section */

/* Begin PBXGroup section */
		65D471822A23495D00B88602 = {
			isa = PBXGroup;
			children = (
				65D4718D2A23495D00B88602 /* ConcurrencyBootcamp */,
				65D4718C2A23495D00B88602 /* Products */,
			);
			sourceTree = "<group>";
		};
		65D4718C2A23495D00B88602 /* Products */ = {
			isa = PBXGroup;
			children = (
				65D4718B2A23495D00B88602 /* ConcurrencyBootcamp.app */,
			);
			name = Products;
			sourceTree = "<group>";
		};
		65D4718D2A23495D00B88602 /* ConcurrencyBootcamp */ = {
			isa = PBXGroup;
			children = (
				65D4718E2A23495D00B88602 /* ConcurrencyBootcampApp.swift */,
				65D471902A23495D00B88602 /* ContentView.swift */,
				65D4719C2A234A1B00B88602 /* DoCatchTryThrowsBootcamp.swift */,
				65D4719E2A23568A00B88602 /* DownloadImageAsync.swift */,
				65D471A02A23930F00B88602 /* AysncAwaitBootcamp.swift */,
				655A82852A24841900AC6C52 /* TaskBootcamp.swift */,
				65B2118D2AC30D6D00D49686 /* AsyncLetBootcamp.swift */,
				65B2118F2AC3198800D49686 /* TaskGroupBootcamp.swift */,
				65B211912AC338C800D49686 /* CheckedContinuationBootcamp.swift */,
				659F188A2AC965A400ABFE96 /* StructClassActorBootcamp.swift */,
				65BDE3A22ACB0D960011F60F /* ActorsBootcamp.swift */,
				65BDE3A42ACB1DF40011F60F /* GlobalActorBootcamp.swift */,
				65BDE3A62ACB28300011F60F /* SendableBootcamp.swift */,
				65BDE3A82ACB30250011F60F /* AsyncPublisherBootcamp.swift */,
				65BDE3AA2ACC00140011F60F /* StrongSelfBootcamp.swift */,
				65BDE3AC2ACC084B0011F60F /* MVVMBootcamp.swift */,
				65BDE3AE2ACC12FE0011F60F /* RefreshableBootcamp.swift */,
				65BDE3B02ACC180E0011F60F /* SearchableBootcamp.swift */,
				65BDE3B22ACC65400011F60F /* PhotoPickerBootcamp.swift */,
				65D471922A23495E00B88602 /* Assets.xcassets */,
				65D471942A23495E00B88602 /* Preview Content */,
			);
			path = ConcurrencyBootcamp;
			sourceTree = "<group>";
		};
		65D471942A23495E00B88602 /* Preview Content */ = {
			isa = PBXGroup;
			children = (
				65D471952A23495E00B88602 /* Preview Assets.xcassets */,
			);
			path = "Preview Content";
			sourceTree = "<group>";
		};
/* End PBXGroup section */

/* Begin PBXNativeTarget section */
		65D4718A2A23495D00B88602 /* ConcurrencyBootcamp */ = {
			isa = PBXNativeTarget;
			buildConfigurationList = 65D471992A23495E00B88602 /* Build configuration list for PBXNativeTarget "ConcurrencyBootcamp" */;
			buildPhases = (
				65D471872A23495D00B88602 /* Sources */,
				65D471882A23495D00B88602 /* Frameworks */,
				65D471892A23495D00B88602 /* Resources */,
			);
			buildRules = (
			);
			dependencies = (
			);
			name = ConcurrencyBootcamp;
			productName = ConcurrencyBootcamp;
			productReference = 65D4718B2A23495D00B88602 /* ConcurrencyBootcamp.app */;
			productType = "com.apple.product-type.application";
		};
/* End PBXNativeTarget section */

/* Begin PBXProject section */
		65D471832A23495D00B88602 /* Project object */ = {
			isa = PBXProject;
			attributes = {
				BuildIndependentTargetsInParallel = 1;
				LastSwiftUpdateCheck = 1430;
				LastUpgradeCheck = 1430;
				TargetAttributes = {
					65D4718A2A23495D00B88602 = {
						CreatedOnToolsVersion = 14.3;
					};
				};
			};
			buildConfigurationList = 65D471862A23495D00B88602 /* Build configuration list for PBXProject "ConcurrencyBootcamp" */;
			compatibilityVersion = "Xcode 14.0";
			developmentRegion = en;
			hasScannedForEncodings = 0;
			knownRegions = (
				en,
				Base,
			);
			mainGroup = 65D471822A23495D00B88602;
			productRefGroup = 65D4718C2A23495D00B88602 /* Products */;
			projectDirPath = "";
			projectRoot = "";
			targets = (
				65D4718A2A23495D00B88602 /* ConcurrencyBootcamp */,
			);
		};
/* End PBXProject section */

/* Begin PBXResourcesBuildPhase section */
		65D471892A23495D00B88602 /* Resources */ = {
			isa = PBXResourcesBuildPhase;
			buildActionMask = 2147483647;
			files = (
				65D471962A23495E00B88602 /* Preview Assets.xcassets in Resources */,
				65D471932A23495E00B88602 /* Assets.xcassets in Resources */,
			);
			runOnlyForDeploymentPostprocessing = 0;
		};
/* End PBXResourcesBuildPhase section */

/* Begin PBXSourcesBuildPhase section */
		65D471872A23495D00B88602 /* Sources */ = {
			isa = PBXSourcesBuildPhase;
			buildActionMask = 2147483647;
			files = (
				65D4719F2A23568A00B88602 /* DownloadImageAsync.swift in Sources */,
				65D471A12A23930F00B88602 /* AysncAwaitBootcamp.swift in Sources */,
				65D4719D2A234A1B00B88602 /* DoCatchTryThrowsBootcamp.swift in Sources */,
				65BDE3A72ACB28300011F60F /* SendableBootcamp.swift in Sources */,
				65BDE3B32ACC65400011F60F /* PhotoPickerBootcamp.swift in Sources */,
				65BDE3A32ACB0D960011F60F /* ActorsBootcamp.swift in Sources */,
				65B211922AC338C800D49686 /* CheckedContinuationBootcamp.swift in Sources */,
				65BDE3AF2ACC12FE0011F60F /* RefreshableBootcamp.swift in Sources */,
				659F188B2AC965A400ABFE96 /* StructClassActorBootcamp.swift in Sources */,
				65BDE3B12ACC180E0011F60F /* SearchableBootcamp.swift in Sources */,
				655A82862A24841900AC6C52 /* TaskBootcamp.swift in Sources */,
				65BDE3AD2ACC084B0011F60F /* MVVMBootcamp.swift in Sources */,
				65BDE3A52ACB1DF40011F60F /* GlobalActorBootcamp.swift in Sources */,
				65D471912A23495D00B88602 /* ContentView.swift in Sources */,
				65BDE3AB2ACC00140011F60F /* StrongSelfBootcamp.swift in Sources */,
				65BDE3A92ACB30250011F60F /* AsyncPublisherBootcamp.swift in Sources */,
				65D4718F2A23495D00B88602 /* ConcurrencyBootcampApp.swift in Sources */,
				65B2118E2AC30D6D00D49686 /* AsyncLetBootcamp.swift in Sources */,
				65B211902AC3198800D49686 /* TaskGroupBootcamp.swift in Sources */,
			);
			runOnlyForDeploymentPostprocessing = 0;
		};
/* End PBXSourcesBuildPhase section */

/* Begin XCBuildConfiguration section */
		65D471972A23495E00B88602 /* Debug */ = {
			isa = XCBuildConfiguration;
			buildSettings = {
				ALWAYS_SEARCH_USER_PATHS = NO;
				CLANG_ANALYZER_NONNULL = YES;
				CLANG_ANALYZER_NUMBER_OBJECT_CONVERSION = YES_AGGRESSIVE;
				CLANG_CXX_LANGUAGE_STANDARD = "gnu++20";
				CLANG_ENABLE_MODULES = YES;
				CLANG_ENABLE_OBJC_ARC = YES;
				CLANG_ENABLE_OBJC_WEAK = YES;
				CLANG_WARN_BLOCK_CAPTURE_AUTORELEASING = YES;
				CLANG_WARN_BOOL_CONVERSION = YES;
				CLANG_WARN_COMMA = YES;
				CLANG_WARN_CONSTANT_CONVERSION = YES;
				CLANG_WARN_DEPRECATED_OBJC_IMPLEMENTATIONS = YES;
				CLANG_WARN_DIRECT_OBJC_ISA_USAGE = YES_ERROR;
				CLANG_WARN_DOCUMENTATION_COMMENTS = YES;
				CLANG_WARN_EMPTY_BODY = YES;
				CLANG_WARN_ENUM_CONVERSION = YES;
				CLANG_WARN_INFINITE_RECURSION = YES;
				CLANG_WARN_INT_CONVERSION = YES;
				CLANG_WARN_NON_LITERAL_NULL_CONVERSION = YES;
				CLANG_WARN_OBJC_IMPLICIT_RETAIN_SELF = YES;
				CLANG_WARN_OBJC_LITERAL_CONVERSION = YES;
				CLANG_WARN_OBJC_ROOT_CLASS = YES_ERROR;
				CLANG_WARN_QUOTED_INCLUDE_IN_FRAMEWORK_HEADER = YES;
				CLANG_WARN_RANGE_LOOP_ANALYSIS = YES;
				CLANG_WARN_STRICT_PROTOTYPES = YES;
				CLANG_WARN_SUSPICIOUS_MOVE = YES;
				CLANG_WARN_UNGUARDED_AVAILABILITY = YES_AGGRESSIVE;
				CLANG_WARN_UNREACHABLE_CODE = YES;
				CLANG_WARN__DUPLICATE_METHOD_MATCH = YES;
				COPY_PHASE_STRIP = NO;
				DEBUG_INFORMATION_FORMAT = dwarf;
				ENABLE_STRICT_OBJC_MSGSEND = YES;
				ENABLE_TESTABILITY = YES;
				GCC_C_LANGUAGE_STANDARD = gnu11;
				GCC_DYNAMIC_NO_PIC = NO;
				GCC_NO_COMMON_BLOCKS = YES;
				GCC_OPTIMIZATION_LEVEL = 0;
				GCC_PREPROCESSOR_DEFINITIONS = (
					"DEBUG=1",
					"$(inherited)",
				);
				GCC_WARN_64_TO_32_BIT_CONVERSION = YES;
				GCC_WARN_ABOUT_RETURN_TYPE = YES_ERROR;
				GCC_WARN_UNDECLARED_SELECTOR = YES;
				GCC_WARN_UNINITIALIZED_AUTOS = YES_AGGRESSIVE;
				GCC_WARN_UNUSED_FUNCTION = YES;
				GCC_WARN_UNUSED_VARIABLE = YES;
				IPHONEOS_DEPLOYMENT_TARGET = 16.4;
				MTL_ENABLE_DEBUG_INFO = INCLUDE_SOURCE;
				MTL_FAST_MATH = YES;
				ONLY_ACTIVE_ARCH = YES;
				SDKROOT = iphoneos;
				SWIFT_ACTIVE_COMPILATION_CONDITIONS = DEBUG;
				SWIFT_OPTIMIZATION_LEVEL = "-Onone";
			};
			name = Debug;
		};
		65D471982A23495E00B88602 /* Release */ = {
			isa = XCBuildConfiguration;
			buildSettings = {
				ALWAYS_SEARCH_USER_PATHS = NO;
				CLANG_ANALYZER_NONNULL = YES;
				CLANG_ANALYZER_NUMBER_OBJECT_CONVERSION = YES_AGGRESSIVE;
				CLANG_CXX_LANGUAGE_STANDARD = "gnu++20";
				CLANG_ENABLE_MODULES = YES;
				CLANG_ENABLE_OBJC_ARC = YES;
				CLANG_ENABLE_OBJC_WEAK = YES;
				CLANG_WARN_BLOCK_CAPTURE_AUTORELEASING = YES;
				CLANG_WARN_BOOL_CONVERSION = YES;
				CLANG_WARN_COMMA = YES;
				CLANG_WARN_CONSTANT_CONVERSION = YES;
				CLANG_WARN_DEPRECATED_OBJC_IMPLEMENTATIONS = YES;
				CLANG_WARN_DIRECT_OBJC_ISA_USAGE = YES_ERROR;
				CLANG_WARN_DOCUMENTATION_COMMENTS = YES;
				CLANG_WARN_EMPTY_BODY = YES;
				CLANG_WARN_ENUM_CONVERSION = YES;
				CLANG_WARN_INFINITE_RECURSION = YES;
				CLANG_WARN_INT_CONVERSION = YES;
				CLANG_WARN_NON_LITERAL_NULL_CONVERSION = YES;
				CLANG_WARN_OBJC_IMPLICIT_RETAIN_SELF = YES;
				CLANG_WARN_OBJC_LITERAL_CONVERSION = YES;
				CLANG_WARN_OBJC_ROOT_CLASS = YES_ERROR;
				CLANG_WARN_QUOTED_INCLUDE_IN_FRAMEWORK_HEADER = YES;
				CLANG_WARN_RANGE_LOOP_ANALYSIS = YES;
				CLANG_WARN_STRICT_PROTOTYPES = YES;
				CLANG_WARN_SUSPICIOUS_MOVE = YES;
				CLANG_WARN_UNGUARDED_AVAILABILITY = YES_AGGRESSIVE;
				CLANG_WARN_UNREACHABLE_CODE = YES;
				CLANG_WARN__DUPLICATE_METHOD_MATCH = YES;
				COPY_PHASE_STRIP = NO;
				DEBUG_INFORMATION_FORMAT = "dwarf-with-dsym";
				ENABLE_NS_ASSERTIONS = NO;
				ENABLE_STRICT_OBJC_MSGSEND = YES;
				GCC_C_LANGUAGE_STANDARD = gnu11;
				GCC_NO_COMMON_BLOCKS = YES;
				GCC_WARN_64_TO_32_BIT_CONVERSION = YES;
				GCC_WARN_ABOUT_RETURN_TYPE = YES_ERROR;
				GCC_WARN_UNDECLARED_SELECTOR = YES;
				GCC_WARN_UNINITIALIZED_AUTOS = YES_AGGRESSIVE;
				GCC_WARN_UNUSED_FUNCTION = YES;
				GCC_WARN_UNUSED_VARIABLE = YES;
				IPHONEOS_DEPLOYMENT_TARGET = 16.4;
				MTL_ENABLE_DEBUG_INFO = NO;
				MTL_FAST_MATH = YES;
				SDKROOT = iphoneos;
				SWIFT_COMPILATION_MODE = wholemodule;
				SWIFT_OPTIMIZATION_LEVEL = "-O";
				VALIDATE_PRODUCT = YES;
			};
			name = Release;
		};
		65D4719A2A23495E00B88602 /* Debug */ = {
			isa = XCBuildConfiguration;
			buildSettings = {
				ASSETCATALOG_COMPILER_APPICON_NAME = AppIcon;
				ASSETCATALOG_COMPILER_GLOBAL_ACCENT_COLOR_NAME = AccentColor;
				CODE_SIGN_STYLE = Automatic;
				CURRENT_PROJECT_VERSION = 1;
				DEVELOPMENT_ASSET_PATHS = "\"ConcurrencyBootcamp/Preview Content\"";
				DEVELOPMENT_TEAM = CPP9KV3QC8;
				ENABLE_PREVIEWS = YES;
				GENERATE_INFOPLIST_FILE = YES;
				INFOPLIST_KEY_UIApplicationSceneManifest_Generation = YES;
				INFOPLIST_KEY_UIApplicationSupportsIndirectInputEvents = YES;
				INFOPLIST_KEY_UILaunchScreen_Generation = YES;
				INFOPLIST_KEY_UISupportedInterfaceOrientations_iPad = "UIInterfaceOrientationPortrait UIInterfaceOrientationPortraitUpsideDown UIInterfaceOrientationLandscapeLeft UIInterfaceOrientationLandscapeRight";
				INFOPLIST_KEY_UISupportedInterfaceOrientations_iPhone = "UIInterfaceOrientationPortrait UIInterfaceOrientationLandscapeLeft UIInterfaceOrientationLandscapeRight";
				LD_RUNPATH_SEARCH_PATHS = (
					"$(inherited)",
					"@executable_path/Frameworks",
				);
				MARKETING_VERSION = 1.0;
				PRODUCT_BUNDLE_IDENTIFIER = VC.ConcurrencyBootcamp;
				PRODUCT_NAME = "$(TARGET_NAME)";
				SWIFT_EMIT_LOC_STRINGS = YES;
				SWIFT_VERSION = 5.0;
				TARGETED_DEVICE_FAMILY = "1,2";
			};
			name = Debug;
		};
		65D4719B2A23495E00B88602 /* Release */ = {
			isa = XCBuildConfiguration;
			buildSettings = {
				ASSETCATALOG_COMPILER_APPICON_NAME = AppIcon;
				ASSETCATALOG_COMPILER_GLOBAL_ACCENT_COLOR_NAME = AccentColor;
				CODE_SIGN_STYLE = Automatic;
				CURRENT_PROJECT_VERSION = 1;
				DEVELOPMENT_ASSET_PATHS = "\"ConcurrencyBootcamp/Preview Content\"";
				DEVELOPMENT_TEAM = CPP9KV3QC8;
				ENABLE_PREVIEWS = YES;
				GENERATE_INFOPLIST_FILE = YES;
				INFOPLIST_KEY_UIApplicationSceneManifest_Generation = YES;
				INFOPLIST_KEY_UIApplicationSupportsIndirectInputEvents = YES;
				INFOPLIST_KEY_UILaunchScreen_Generation = YES;
				INFOPLIST_KEY_UISupportedInterfaceOrientations_iPad = "UIInterfaceOrientationPortrait UIInterfaceOrientationPortraitUpsideDown UIInterfaceOrientationLandscapeLeft UIInterfaceOrientationLandscapeRight";
				INFOPLIST_KEY_UISupportedInterfaceOrientations_iPhone = "UIInterfaceOrientationPortrait UIInterfaceOrientationLandscapeLeft UIInterfaceOrientationLandscapeRight";
				LD_RUNPATH_SEARCH_PATHS = (
					"$(inherited)",
					"@executable_path/Frameworks",
				);
				MARKETING_VERSION = 1.0;
				PRODUCT_BUNDLE_IDENTIFIER = VC.ConcurrencyBootcamp;
				PRODUCT_NAME = "$(TARGET_NAME)";
				SWIFT_EMIT_LOC_STRINGS = YES;
				SWIFT_VERSION = 5.0;
				TARGETED_DEVICE_FAMILY = "1,2";
			};
			name = Release;
		};
/* End XCBuildConfiguration section */

/* Begin XCConfigurationList section */
		65D471862A23495D00B88602 /* Build configuration list for PBXProject "ConcurrencyBootcamp" */ = {
			isa = XCConfigurationList;
			buildConfigurations = (
				65D471972A23495E00B88602 /* Debug */,
				65D471982A23495E00B88602 /* Release */,
			);
			defaultConfigurationIsVisible = 0;
			defaultConfigurationName = Release;
		};
		65D471992A23495E00B88602 /* Build configuration list for PBXNativeTarget "ConcurrencyBootcamp" */ = {
			isa = XCConfigurationList;
			buildConfigurations = (
				65D4719A2A23495E00B88602 /* Debug */,
				65D4719B2A23495E00B88602 /* Release */,
			);
			defaultConfigurationIsVisible = 0;
			defaultConfigurationName = Release;
		};
/* End XCConfigurationList section */
	};
	rootObject = 65D471832A23495D00B88602 /* Project object */;
}
